
Microsoft Visual Studio Solution File, Format Version 12.00
Project("{FAE04EC0-301F-11D3-BF4B-00C04F79EFBC}") = "ProjectZero", "ProjectZero\ProjectZero.csproj", "{31BC584B-4FC1-4CE2-BEA2-1C19E4650C55}"
EndProject
Project("{FAE04EC0-301F-11D3-BF4B-00C04F79EFBC}") = "Core.Domain", "Core.Domain\Core.Domain.csproj", "{9388750A-CD0E-4DA3-A135-043E2D6A6B75}"
EndProject
Project("{FAE04EC0-301F-11D3-BF4B-00C04F79EFBC}") = "Core.Application", "Core.Application\Core.Application.csproj", "{A40632BA-C485-4DDD-A961-0B5DEC195E6D}"
EndProject
Project("{FAE04EC0-301F-11D3-BF4B-00C04F79EFBC}") = "Shared", "Shared\Shared.csproj", "{E732016C-EB01-483A-9528-89D503794E7F}"
EndProject
Project("{FAE04EC0-301F-11D3-BF4B-00C04F79EFBC}") = "Core.Infrastructure", "Core.Infrastructure\Core.Infrastructure.csproj", "{7DB2529E-2CA0-4938-AB91-D8FEA017445F}"
EndProject
Project("{2150E333-8FDC-42A3-9474-1A3956D46DE8}") = "Tests", "Tests", "{0AB3BF05-4346-4AA6-1389-037BE0695223}"
EndProject
Project("{FAE04EC0-301F-11D3-BF4B-00C04F79EFBC}") = "Core.Domain.Tests", "Tests\Core.Domain.Tests\Core.Domain.Tests.csproj", "{DF8E04C5-D0C0-4980-85FD-A279EBC27F97}"
EndProject
Project("{FAE04EC0-301F-11D3-BF4B-00C04F79EFBC}") = "Core.Application.Tests", "Tests\Core.Application.Tests\Core.Application.Tests.csproj", "{9D30CBE7-07BE-404B-9143-71E1A7F00E87}"
EndProject
Project("{FAE04EC0-301F-11D3-BF4B-00C04F79EFBC}") = "Core.Infrastructure.Tests", "Tests\Core.Infrastructure.Tests\Core.Infrastructure.Tests.csproj", "{F6071314-F637-4307-9D02-DDE316814076}"
EndProject
Project("{FAE04EC0-301F-11D3-BF4B-00C04F79EFBC}") = "Shared.Tests", "Tests\Shared.Tests\Shared.Tests.csproj", "{3C7DD8F5-631E-4AB2-90DD-BD9BE380B5DE}"
EndProject
Project("{FAE04EC0-301F-11D3-BF4B-00C04F79EFBC}") = "ProjectZero.Tests", "Tests\ProjectZero.Tests\ProjectZero.Tests.csproj", "{C250E351-FB7C-4E5C-9F92-C1E52450CD94}"
EndProject
Global
	GlobalSection(SolutionConfigurationPlatforms) = preSolution
		Debug|Any CPU = Debug|Any CPU
		Debug|x64 = Debug|x64
		Debug|x86 = Debug|x86
		Release|Any CPU = Release|Any CPU
		Release|x64 = Release|x64
		Release|x86 = Release|x86
	EndGlobalSection
	GlobalSection(ProjectConfigurationPlatforms) = postSolution
		{31BC584B-4FC1-4CE2-BEA2-1C19E4650C55}.Debug|Any CPU.ActiveCfg = Debug|Any CPU
		{31BC584B-4FC1-4CE2-BEA2-1C19E4650C55}.Debug|Any CPU.Build.0 = Debug|Any CPU
		{31BC584B-4FC1-4CE2-BEA2-1C19E4650C55}.Debug|x64.ActiveCfg = Debug|Any CPU
		{31BC584B-4FC1-4CE2-BEA2-1C19E4650C55}.Debug|x64.Build.0 = Debug|Any CPU
		{31BC584B-4FC1-4CE2-BEA2-1C19E4650C55}.Debug|x86.ActiveCfg = Debug|Any CPU
		{31BC584B-4FC1-4CE2-BEA2-1C19E4650C55}.Debug|x86.Build.0 = Debug|Any CPU
		{31BC584B-4FC1-4CE2-BEA2-1C19E4650C55}.Release|Any CPU.ActiveCfg = Release|Any CPU
		{31BC584B-4FC1-4CE2-BEA2-1C19E4650C55}.Release|Any CPU.Build.0 = Release|Any CPU
		{31BC584B-4FC1-4CE2-BEA2-1C19E4650C55}.Release|x64.ActiveCfg = Release|Any CPU
		{31BC584B-4FC1-4CE2-BEA2-1C19E4650C55}.Release|x64.Build.0 = Release|Any CPU
		{31BC584B-4FC1-4CE2-BEA2-1C19E4650C55}.Release|x86.ActiveCfg = Release|Any CPU
		{31BC584B-4FC1-4CE2-BEA2-1C19E4650C55}.Release|x86.Build.0 = Release|Any CPU
		{9388750A-CD0E-4DA3-A135-043E2D6A6B75}.Debug|Any CPU.ActiveCfg = Debug|Any CPU
		{9388750A-CD0E-4DA3-A135-043E2D6A6B75}.Debug|Any CPU.Build.0 = Debug|Any CPU
		{9388750A-CD0E-4DA3-A135-043E2D6A6B75}.Debug|x64.ActiveCfg = Debug|Any CPU
		{9388750A-CD0E-4DA3-A135-043E2D6A6B75}.Debug|x64.Build.0 = Debug|Any CPU
		{9388750A-CD0E-4DA3-A135-043E2D6A6B75}.Debug|x86.ActiveCfg = Debug|Any CPU
		{9388750A-CD0E-4DA3-A135-043E2D6A6B75}.Debug|x86.Build.0 = Debug|Any CPU
		{9388750A-CD0E-4DA3-A135-043E2D6A6B75}.Release|Any CPU.ActiveCfg = Release|Any CPU
		{9388750A-CD0E-4DA3-A135-043E2D6A6B75}.Release|Any CPU.Build.0 = Release|Any CPU
		{9388750A-CD0E-4DA3-A135-043E2D6A6B75}.Release|x64.ActiveCfg = Release|Any CPU
		{9388750A-CD0E-4DA3-A135-043E2D6A6B75}.Release|x64.Build.0 = Release|Any CPU
		{9388750A-CD0E-4DA3-A135-043E2D6A6B75}.Release|x86.ActiveCfg = Release|Any CPU
		{9388750A-CD0E-4DA3-A135-043E2D6A6B75}.Release|x86.Build.0 = Release|Any CPU
		{A40632BA-C485-4DDD-A961-0B5DEC195E6D}.Debug|Any CPU.ActiveCfg = Debug|Any CPU
		{A40632BA-C485-4DDD-A961-0B5DEC195E6D}.Debug|Any CPU.Build.0 = Debug|Any CPU
		{A40632BA-C485-4DDD-A961-0B5DEC195E6D}.Debug|x64.ActiveCfg = Debug|Any CPU
		{A40632BA-C485-4DDD-A961-0B5DEC195E6D}.Debug|x64.Build.0 = Debug|Any CPU
		{A40632BA-C485-4DDD-A961-0B5DEC195E6D}.Debug|x86.ActiveCfg = Debug|Any CPU
		{A40632BA-C485-4DDD-A961-0B5DEC195E6D}.Debug|x86.Build.0 = Debug|Any CPU
		{A40632BA-C485-4DDD-A961-0B5DEC195E6D}.Release|Any CPU.ActiveCfg = Release|Any CPU
		{A40632BA-C485-4DDD-A961-0B5DEC195E6D}.Release|Any CPU.Build.0 = Release|Any CPU
		{A40632BA-C485-4DDD-A961-0B5DEC195E6D}.Release|x64.ActiveCfg = Release|Any CPU
		{A40632BA-C485-4DDD-A961-0B5DEC195E6D}.Release|x64.Build.0 = Release|Any CPU
		{A40632BA-C485-4DDD-A961-0B5DEC195E6D}.Release|x86.ActiveCfg = Release|Any CPU
		{A40632BA-C485-4DDD-A961-0B5DEC195E6D}.Release|x86.Build.0 = Release|Any CPU
		{E732016C-EB01-483A-9528-89D503794E7F}.Debug|Any CPU.ActiveCfg = Debug|Any CPU
		{E732016C-EB01-483A-9528-89D503794E7F}.Debug|Any CPU.Build.0 = Debug|Any CPU
		{E732016C-EB01-483A-9528-89D503794E7F}.Debug|x64.ActiveCfg = Debug|Any CPU
		{E732016C-EB01-483A-9528-89D503794E7F}.Debug|x64.Build.0 = Debug|Any CPU
		{E732016C-EB01-483A-9528-89D503794E7F}.Debug|x86.ActiveCfg = Debug|Any CPU
		{E732016C-EB01-483A-9528-89D503794E7F}.Debug|x86.Build.0 = Debug|Any CPU
		{E732016C-EB01-483A-9528-89D503794E7F}.Release|Any CPU.ActiveCfg = Release|Any CPU
		{E732016C-EB01-483A-9528-89D503794E7F}.Release|Any CPU.Build.0 = Release|Any CPU
		{E732016C-EB01-483A-9528-89D503794E7F}.Release|x64.ActiveCfg = Release|Any CPU
		{E732016C-EB01-483A-9528-89D503794E7F}.Release|x64.Build.0 = Release|Any CPU
		{E732016C-EB01-483A-9528-89D503794E7F}.Release|x86.ActiveCfg = Release|Any CPU
		{E732016C-EB01-483A-9528-89D503794E7F}.Release|x86.Build.0 = Release|Any CPU
		{7DB2529E-2CA0-4938-AB91-D8FEA017445F}.Debug|Any CPU.ActiveCfg = Debug|Any CPU
		{7DB2529E-2CA0-4938-AB91-D8FEA017445F}.Debug|Any CPU.Build.0 = Debug|Any CPU
		{7DB2529E-2CA0-4938-AB91-D8FEA017445F}.Debug|x64.ActiveCfg = Debug|Any CPU
		{7DB2529E-2CA0-4938-AB91-D8FEA017445F}.Debug|x64.Build.0 = Debug|Any CPU
		{7DB2529E-2CA0-4938-AB91-D8FEA017445F}.Debug|x86.ActiveCfg = Debug|Any CPU
		{7DB2529E-2CA0-4938-AB91-D8FEA017445F}.Debug|x86.Build.0 = Debug|Any CPU
		{7DB2529E-2CA0-4938-AB91-D8FEA017445F}.Release|Any CPU.ActiveCfg = Release|Any CPU
		{7DB2529E-2CA0-4938-AB91-D8FEA017445F}.Release|Any CPU.Build.0 = Release|Any CPU
		{7DB2529E-2CA0-4938-AB91-D8FEA017445F}.Release|x64.ActiveCfg = Release|Any CPU
		{7DB2529E-2CA0-4938-AB91-D8FEA017445F}.Release|x64.Build.0 = Release|Any CPU
		{7DB2529E-2CA0-4938-AB91-D8FEA017445F}.Release|x86.ActiveCfg = Release|Any CPU
		{7DB2529E-2CA0-4938-AB91-D8FEA017445F}.Release|x86.Build.0 = Release|Any CPU
		{DF8E04C5-D0C0-4980-85FD-A279EBC27F97}.Debug|Any CPU.ActiveCfg = Debug|Any CPU
		{DF8E04C5-D0C0-4980-85FD-A279EBC27F97}.Debug|Any CPU.Build.0 = Debug|Any CPU
		{DF8E04C5-D0C0-4980-85FD-A279EBC27F97}.Debug|x64.ActiveCfg = Debug|Any CPU
		{DF8E04C5-D0C0-4980-85FD-A279EBC27F97}.Debug|x64.Build.0 = Debug|Any CPU
		{DF8E04C5-D0C0-4980-85FD-A279EBC27F97}.Debug|x86.ActiveCfg = Debug|Any CPU
		{DF8E04C5-D0C0-4980-85FD-A279EBC27F97}.Debug|x86.Build.0 = Debug|Any CPU
		{DF8E04C5-D0C0-4980-85FD-A279EBC27F97}.Release|Any CPU.ActiveCfg = Release|Any CPU
		{DF8E04C5-D0C0-4980-85FD-A279EBC27F97}.Release|Any CPU.Build.0 = Release|Any CPU
		{DF8E04C5-D0C0-4980-85FD-A279EBC27F97}.Release|x64.ActiveCfg = Release|Any CPU
		{DF8E04C5-D0C0-4980-85FD-A279EBC27F97}.Release|x64.Build.0 = Release|Any CPU
		{DF8E04C5-D0C0-4980-85FD-A279EBC27F97}.Release|x86.ActiveCfg = Release|Any CPU
		{DF8E04C5-D0C0-4980-85FD-A279EBC27F97}.Release|x86.Build.0 = Release|Any CPU
		{9D30CBE7-07BE-404B-9143-71E1A7F00E87}.Debug|Any CPU.ActiveCfg = Debug|Any CPU
		{9D30CBE7-07BE-404B-9143-71E1A7F00E87}.Debug|Any CPU.Build.0 = Debug|Any CPU
		{9D30CBE7-07BE-404B-9143-71E1A7F00E87}.Debug|x64.ActiveCfg = Debug|Any CPU
		{9D30CBE7-07BE-404B-9143-71E1A7F00E87}.Debug|x64.Build.0 = Debug|Any CPU
		{9D30CBE7-07BE-404B-9143-71E1A7F00E87}.Debug|x86.ActiveCfg = Debug|Any CPU
		{9D30CBE7-07BE-404B-9143-71E1A7F00E87}.Debug|x86.Build.0 = Debug|Any CPU
		{9D30CBE7-07BE-404B-9143-71E1A7F00E87}.Release|Any CPU.ActiveCfg = Release|Any CPU
		{9D30CBE7-07BE-404B-9143-71E1A7F00E87}.Release|Any CPU.Build.0 = Release|Any CPU
		{9D30CBE7-07BE-404B-9143-71E1A7F00E87}.Release|x64.ActiveCfg = Release|Any CPU
		{9D30CBE7-07BE-404B-9143-71E1A7F00E87}.Release|x64.Build.0 = Release|Any CPU
		{9D30CBE7-07BE-404B-9143-71E1A7F00E87}.Release|x86.ActiveCfg = Release|Any CPU
		{9D30CBE7-07BE-404B-9143-71E1A7F00E87}.Release|x86.Build.0 = Release|Any CPU
		{F6071314-F637-4307-9D02-DDE316814076}.Debug|Any CPU.ActiveCfg = Debug|Any CPU
		{F6071314-F637-4307-9D02-DDE316814076}.Debug|Any CPU.Build.0 = Debug|Any CPU
		{F6071314-F637-4307-9D02-DDE316814076}.Debug|x64.ActiveCfg = Debug|Any CPU
		{F6071314-F637-4307-9D02-DDE316814076}.Debug|x64.Build.0 = Debug|Any CPU
		{F6071314-F637-4307-9D02-DDE316814076}.Debug|x86.ActiveCfg = Debug|Any CPU
		{F6071314-F637-4307-9D02-DDE316814076}.Debug|x86.Build.0 = Debug|Any CPU
		{F6071314-F637-4307-9D02-DDE316814076}.Release|Any CPU.ActiveCfg = Release|Any CPU
		{F6071314-F637-4307-9D02-DDE316814076}.Release|Any CPU.Build.0 = Release|Any CPU
		{F6071314-F637-4307-9D02-DDE316814076}.Release|x64.ActiveCfg = Release|Any CPU
		{F6071314-F637-4307-9D02-DDE316814076}.Release|x64.Build.0 = Release|Any CPU
		{F6071314-F637-4307-9D02-DDE316814076}.Release|x86.ActiveCfg = Release|Any CPU
		{F6071314-F637-4307-9D02-DDE316814076}.Release|x86.Build.0 = Release|Any CPU
		{3C7DD8F5-631E-4AB2-90DD-BD9BE380B5DE}.Debug|Any CPU.ActiveCfg = Debug|Any CPU
		{3C7DD8F5-631E-4AB2-90DD-BD9BE380B5DE}.Debug|Any CPU.Build.0 = Debug|Any CPU
		{3C7DD8F5-631E-4AB2-90DD-BD9BE380B5DE}.Debug|x64.ActiveCfg = Debug|Any CPU
		{3C7DD8F5-631E-4AB2-90DD-BD9BE380B5DE}.Debug|x64.Build.0 = Debug|Any CPU
		{3C7DD8F5-631E-4AB2-90DD-BD9BE380B5DE}.Debug|x86.ActiveCfg = Debug|Any CPU
		{3C7DD8F5-631E-4AB2-90DD-BD9BE380B5DE}.Debug|x86.Build.0 = Debug|Any CPU
		{3C7DD8F5-631E-4AB2-90DD-BD9BE380B5DE}.Release|Any CPU.ActiveCfg = Release|Any CPU
		{3C7DD8F5-631E-4AB2-90DD-BD9BE380B5DE}.Release|Any CPU.Build.0 = Release|Any CPU
		{3C7DD8F5-631E-4AB2-90DD-BD9BE380B5DE}.Release|x64.ActiveCfg = Release|Any CPU
		{3C7DD8F5-631E-4AB2-90DD-BD9BE380B5DE}.Release|x64.Build.0 = Release|Any CPU
		{3C7DD8F5-631E-4AB2-90DD-BD9BE380B5DE}.Release|x86.ActiveCfg = Release|Any CPU
		{3C7DD8F5-631E-4AB2-90DD-BD9BE380B5DE}.Release|x86.Build.0 = Release|Any CPU
		{C250E351-FB7C-4E5C-9F92-C1E52450CD94}.Debug|Any CPU.ActiveCfg = Debug|Any CPU
		{C250E351-FB7C-4E5C-9F92-C1E52450CD94}.Debug|Any CPU.Build.0 = Debug|Any CPU
		{C250E351-FB7C-4E5C-9F92-C1E52450CD94}.Debug|x64.ActiveCfg = Debug|Any CPU
		{C250E351-FB7C-4E5C-9F92-C1E52450CD94}.Debug|x64.Build.0 = Debug|Any CPU
		{C250E351-FB7C-4E5C-9F92-C1E52450CD94}.Debug|x86.ActiveCfg = Debug|Any CPU
		{C250E351-FB7C-4E5C-9F92-C1E52450CD94}.Debug|x86.Build.0 = Debug|Any CPU
		{C250E351-FB7C-4E5C-9F92-C1E52450CD94}.Release|Any CPU.ActiveCfg = Release|Any CPU
		{C250E351-FB7C-4E5C-9F92-C1E52450CD94}.Release|Any CPU.Build.0 = Release|Any CPU
		{C250E351-FB7C-4E5C-9F92-C1E52450CD94}.Release|x64.ActiveCfg = Release|Any CPU
		{C250E351-FB7C-4E5C-9F92-C1E52450CD94}.Release|x64.Build.0 = Release|Any CPU
		{C250E351-FB7C-4E5C-9F92-C1E52450CD94}.Release|x86.ActiveCfg = Release|Any CPU
		{C250E351-FB7C-4E5C-9F92-C1E52450CD94}.Release|x86.Build.0 = Release|Any CPU
	EndGlobalSection
	GlobalSection(SolutionProperties) = preSolution
		HideSolutionNode = FALSE
	EndGlobalSection
	GlobalSection(NestedProjects) = preSolution
		{DF8E04C5-D0C0-4980-85FD-A279EBC27F97} = {0AB3BF05-4346-4AA6-1389-037BE0695223}
		{9D30CBE7-07BE-404B-9143-71E1A7F00E87} = {0AB3BF05-4346-4AA6-1389-037BE0695223}
		{F6071314-F637-4307-9D02-DDE316814076} = {0AB3BF05-4346-4AA6-1389-037BE0695223}
		{3C7DD8F5-631E-4AB2-90DD-BD9BE380B5DE} = {0AB3BF05-4346-4AA6-1389-037BE0695223}
		{C250E351-FB7C-4E5C-9F92-C1E52450CD94} = {0AB3BF05-4346-4AA6-1389-037BE0695223}
	EndGlobalSection
EndGlobal
